
Microsoft Visual Studio Solution File, Format Version 12.00
# Visual Studio Version 16
VisualStudioVersion = 16.0.30907.101
MinimumVisualStudioVersion = 10.0.40219.1
Project("{FAE04EC0-301F-11D3-BF4B-00C04F79EFBC}") = "JSzpilaTest", "JSzpilaTest.csproj", "{82BE4F8D-F1A8-4737-AC28-D161C873B9E5}"
EndProject
Global
	GlobalSection(SolutionConfigurationPlatforms) = preSolution
		Debug|Any CPU = Debug|Any CPU
		Release|Any CPU = Release|Any CPU
	EndGlobalSection
	GlobalSection(ProjectConfigurationPlatforms) = postSolution
		{82BE4F8D-F1A8-4737-AC28-D161C873B9E5}.Debug|Any CPU.ActiveCfg = Debug|Any CPU
		{82BE4F8D-F1A8-4737-AC28-D161C873B9E5}.Debug|Any CPU.Build.0 = Debug|Any CPU
		{82BE4F8D-F1A8-4737-AC28-D161C873B9E5}.Release|Any CPU.ActiveCfg = Release|Any CPU
		{82BE4F8D-F1A8-4737-AC28-D161C873B9E5}.Release|Any CPU.Build.0 = Release|Any CPU
	EndGlobalSection
	GlobalSection(SolutionProperties) = preSolution
		HideSolutionNode = FALSE
	EndGlobalSection
	GlobalSection(ExtensibilityGlobals) = postSolution
		SolutionGuid = {CC633F8D-6159-4F01-A7F6-BA9F3876089A}
	EndGlobalSection
EndGlobal
